// !$*UTF8*$!
{
	archiveVersion = 1;
	classes = {
	};
	objectVersion = 46;
	objects = {

/* Begin PBXBuildFile section */
		12BF3D29CAC354F954B49AA0 /* Pods_seguecodeKit.framework in Frameworks */ = {isa = PBXBuildFile; fileRef = EAFD25FD26877717593CCBC4 /* Pods_seguecodeKit.framework */; };
		3C13802E1AF73FEE00E417B2 /* AppDelegate.swift in Sources */ = {isa = PBXBuildFile; fileRef = 3C1380261AF73FEE00E417B2 /* AppDelegate.swift */; };
		3C1380311AF73FEE00E417B2 /* Images.xcassets in Resources */ = {isa = PBXBuildFile; fileRef = 3C13802B1AF73FEE00E417B2 /* Images.xcassets */; };
		3C1380391AF7407C00E417B2 /* Main_iPhone.storyboard in Resources */ = {isa = PBXBuildFile; fileRef = 3C1380361AF7407C00E417B2 /* Main_iPhone.storyboard */; };
		3C13803F1AF740A500E417B2 /* FirstViewController.m in Sources */ = {isa = PBXBuildFile; fileRef = 3C13803C1AF740A500E417B2 /* FirstViewController.m */; };
		3C13804C1AF7488400E417B2 /* TestCustomReverseSegue.m in Sources */ = {isa = PBXBuildFile; fileRef = 3C1380491AF7488400E417B2 /* TestCustomReverseSegue.m */; };
		3C13804D1AF7488400E417B2 /* TestCustomSegue.m in Sources */ = {isa = PBXBuildFile; fileRef = 3C13804B1AF7488400E417B2 /* TestCustomSegue.m */; };
		3C1CE05F1B88421900DA379A /* UIViewController+seguecode.swift in Sources */ = {isa = PBXBuildFile; fileRef = 3C1CE05D1B8841D200DA379A /* UIViewController+seguecode.swift */; };
		3C1CE0921B88587600DA379A /* seguecode in CopyFiles */ = {isa = PBXBuildFile; fileRef = 3C1CE07D1B88572900DA379A /* seguecode */; settings = {ATTRIBUTES = (CodeSignOnCopy, ); }; };
		3C1CE0D21B885A8200DA379A /* seguecodeKit.framework in CopyFiles */ = {isa = PBXBuildFile; fileRef = 3C1CE0A51B88598600DA379A /* seguecodeKit.framework */; settings = {ATTRIBUTES = (CodeSignOnCopy, RemoveHeadersOnCopy, ); }; };
		3C1CE0E21B885F9600DA379A /* Pods_seguecodeKit.framework in CopyFiles */ = {isa = PBXBuildFile; fileRef = EAFD25FD26877717593CCBC4 /* Pods_seguecodeKit.framework */; settings = {ATTRIBUTES = (CodeSignOnCopy, RemoveHeadersOnCopy, ); }; };
		3C4716E31BA2A151006750E9 /* ThirdViewController.swift in Sources */ = {isa = PBXBuildFile; fileRef = 3C4716E21BA2A151006750E9 /* ThirdViewController.swift */; };
		3C7304201B8BAF680093F82A /* main.m in Sources */ = {isa = PBXBuildFile; fileRef = 3C73041F1B8BAF680093F82A /* main.m */; };
		3C73042E1B8BAF770093F82A /* DefaultTemplate.swift in Sources */ = {isa = PBXBuildFile; fileRef = 3C7304251B8BAF770093F82A /* DefaultTemplate.swift */; };
		3C7304301B8BAF770093F82A /* seguecode.swift in Sources */ = {isa = PBXBuildFile; fileRef = 3C7304271B8BAF770093F82A /* seguecode.swift */; };
		3C7304311B8BAF770093F82A /* seguecodeKit.h in Headers */ = {isa = PBXBuildFile; fileRef = 3C7304281B8BAF770093F82A /* seguecodeKit.h */; settings = {ATTRIBUTES = (Public, ); }; };
		3C7304321B8BAF770093F82A /* Template+seguecode.swift in Sources */ = {isa = PBXBuildFile; fileRef = 3C73042A1B8BAF770093F82A /* Template+seguecode.swift */; };
		3C7304331B8BAF770093F82A /* SegueInstanceInfo+seguecode.swift in Sources */ = {isa = PBXBuildFile; fileRef = 3C73042C1B8BAF770093F82A /* SegueInstanceInfo+seguecode.swift */; };
		3C7304341B8BAF770093F82A /* ViewControllerClassInfo+seguecode.swift in Sources */ = {isa = PBXBuildFile; fileRef = 3C73042D1B8BAF770093F82A /* ViewControllerClassInfo+seguecode.swift */; };
		3C7304441B8BB1ED0093F82A /* libddcli.a in Frameworks */ = {isa = PBXBuildFile; fileRef = 3C7304411B8BB1B30093F82A /* libddcli.a */; };
		3C7304471B8BB3830093F82A /* SeguecodeCLIApp.m in Sources */ = {isa = PBXBuildFile; fileRef = 3C7304461B8BB3830093F82A /* SeguecodeCLIApp.m */; };
		3CC70BED1B8EB07F002C4437 /* FirstViewController+Main_iPhone.swift in Sources */ = {isa = PBXBuildFile; fileRef = 3C1CE0601B88429100DA379A /* FirstViewController+Main_iPhone.swift */; };
		3CC70BEE1B8EB07F002C4437 /* SecondViewController+Main_iPhone.swift in Sources */ = {isa = PBXBuildFile; fileRef = 3C1CE0611B88429100DA379A /* SecondViewController+Main_iPhone.swift */; };
		3CC70BEF1B8EB07F002C4437 /* UIViewController+Main_iPhone.swift in Sources */ = {isa = PBXBuildFile; fileRef = 3C1CE0621B88429100DA379A /* UIViewController+Main_iPhone.swift */; };
		3CC70BF31B8EBD15002C4437 /* TableViewCellPrototype+seguecode.swift in Sources */ = {isa = PBXBuildFile; fileRef = 3CC70BF21B8EBD15002C4437 /* TableViewCellPrototype+seguecode.swift */; };
		3CF970121B0147AA0052F765 /* SecondViewController.swift in Sources */ = {isa = PBXBuildFile; fileRef = 3CF970101B0147A30052F765 /* SecondViewController.swift */; };
		3CFB34CD1BE44D4500FF3A84 /* ViewControllerInstanceInfo+seguecode.swift in Sources */ = {isa = PBXBuildFile; fileRef = 3CFB34CC1BE44D4500FF3A84 /* ViewControllerInstanceInfo+seguecode.swift */; };
		A8655F729A961C64A8246398 /* Pods_seguecodeBundle.framework in Frameworks */ = {isa = PBXBuildFile; fileRef = 923BA86F12E639ED709CACBB /* Pods_seguecodeBundle.framework */; };
/* End PBXBuildFile section */

/* Begin PBXContainerItemProxy section */
		3C1CE08F1B88585700DA379A /* PBXContainerItemProxy */ = {
			isa = PBXContainerItemProxy;
			containerPortal = 3CCF86C11AF65DF600B7472E /* Project object */;
			proxyType = 1;
			remoteGlobalIDString = 3C1CE07C1B88572900DA379A;
			remoteInfo = seguecode;
		};
		3C1CE0D01B885A7B00DA379A /* PBXContainerItemProxy */ = {
			isa = PBXContainerItemProxy;
			containerPortal = 3CCF86C11AF65DF600B7472E /* Project object */;
			proxyType = 1;
			remoteGlobalIDString = 3C1CE0A41B88598600DA379A;
			remoteInfo = seguecodeKit;
		};
		3C1CE0E41B88604800DA379A /* PBXContainerItemProxy */ = {
			isa = PBXContainerItemProxy;
			containerPortal = 3CCF86C11AF65DF600B7472E /* Project object */;
			proxyType = 1;
			remoteGlobalIDString = 3C1CE0A41B88598600DA379A;
			remoteInfo = seguecodeKit;
		};
		3C73043C1B8BB1B30093F82A /* PBXContainerItemProxy */ = {
			isa = PBXContainerItemProxy;
			containerPortal = 3C7304351B8BB1B30093F82A /* ddcli.xcodeproj */;
			proxyType = 2;
			remoteGlobalIDString = 8DD76FA10486AA7600D96B5E;
			remoteInfo = example;
		};
		3C73043E1B8BB1B30093F82A /* PBXContainerItemProxy */ = {
			isa = PBXContainerItemProxy;
			containerPortal = 3C7304351B8BB1B30093F82A /* ddcli.xcodeproj */;
			proxyType = 2;
			remoteGlobalIDString = 55CCE9760C1380C900FA06C6;
			remoteInfo = simple;
		};
		3C7304401B8BB1B30093F82A /* PBXContainerItemProxy */ = {
			isa = PBXContainerItemProxy;
			containerPortal = 3C7304351B8BB1B30093F82A /* ddcli.xcodeproj */;
			proxyType = 2;
			remoteGlobalIDString = 55CCE92E0C137F7D00FA06C6;
			remoteInfo = ddcli;
		};
		3C7304421B8BB1E60093F82A /* PBXContainerItemProxy */ = {
			isa = PBXContainerItemProxy;
			containerPortal = 3C7304351B8BB1B30093F82A /* ddcli.xcodeproj */;
			proxyType = 1;
			remoteGlobalIDString = 55CCE92D0C137F7D00FA06C6;
			remoteInfo = ddcli;
		};
/* End PBXContainerItemProxy section */

/* Begin PBXCopyFilesBuildPhase section */
		3C1CE0911B88586600DA379A /* CopyFiles */ = {
			isa = PBXCopyFilesBuildPhase;
			buildActionMask = 2147483647;
			dstPath = "";
			dstSubfolderSpec = 6;
			files = (
				3C1CE0921B88587600DA379A /* seguecode in CopyFiles */,
			);
			runOnlyForDeploymentPostprocessing = 0;
		};
		3C1CE0931B88588200DA379A /* CopyFiles */ = {
			isa = PBXCopyFilesBuildPhase;
			buildActionMask = 2147483647;
			dstPath = "";
			dstSubfolderSpec = 10;
			files = (
				3C1CE0E21B885F9600DA379A /* Pods_seguecodeKit.framework in CopyFiles */,
				3C1CE0D21B885A8200DA379A /* seguecodeKit.framework in CopyFiles */,
			);
			runOnlyForDeploymentPostprocessing = 0;
		};
/* End PBXCopyFilesBuildPhase section */

/* Begin PBXFileReference section */
		0743DA19A661DCCAD9763079 /* Pods-seguecodeBundle.debug.xcconfig */ = {isa = PBXFileReference; includeInIndex = 1; lastKnownFileType = text.xcconfig; name = "Pods-seguecodeBundle.debug.xcconfig"; path = "Pods/Target Support Files/Pods-seguecodeBundle/Pods-seguecodeBundle.debug.xcconfig"; sourceTree = "<group>"; };
		2674C1159AF6B22515144477 /* Pods-seguecodeKit.debug.xcconfig */ = {isa = PBXFileReference; includeInIndex = 1; lastKnownFileType = text.xcconfig; name = "Pods-seguecodeKit.debug.xcconfig"; path = "Pods/Target Support Files/Pods-seguecodeKit/Pods-seguecodeKit.debug.xcconfig"; sourceTree = "<group>"; };
		3C1380021AF73FA800E417B2 /* iOSExample.app */ = {isa = PBXFileReference; explicitFileType = wrapper.application; includeInIndex = 0; path = iOSExample.app; sourceTree = BUILT_PRODUCTS_DIR; };
		3C1380261AF73FEE00E417B2 /* AppDelegate.swift */ = {isa = PBXFileReference; fileEncoding = 4; lastKnownFileType = sourcecode.swift; path = AppDelegate.swift; sourceTree = "<group>"; };
		3C13802B1AF73FEE00E417B2 /* Images.xcassets */ = {isa = PBXFileReference; lastKnownFileType = folder.assetcatalog; path = Images.xcassets; sourceTree = "<group>"; };
		3C13802C1AF73FEE00E417B2 /* Info.plist */ = {isa = PBXFileReference; fileEncoding = 4; lastKnownFileType = text.plist.xml; path = Info.plist; sourceTree = "<group>"; };
		3C1380351AF7407C00E417B2 /* Base */ = {isa = PBXFileReference; lastKnownFileType = text.json; name = Base; path = Base.lproj/Main_iPhone.seguecode.json; sourceTree = "<group>"; };
		3C1380371AF7407C00E417B2 /* Base */ = {isa = PBXFileReference; lastKnownFileType = file.storyboard; name = Base; path = Base.lproj/Main_iPhone.storyboard; sourceTree = "<group>"; };
		3C13803A1AF740A400E417B2 /* iOSExample-Bridging-Header.h */ = {isa = PBXFileReference; lastKnownFileType = sourcecode.c.h; path = "iOSExample-Bridging-Header.h"; sourceTree = "<group>"; };
		3C13803B1AF740A500E417B2 /* FirstViewController.h */ = {isa = PBXFileReference; fileEncoding = 4; lastKnownFileType = sourcecode.c.h; path = FirstViewController.h; sourceTree = "<group>"; };
		3C13803C1AF740A500E417B2 /* FirstViewController.m */ = {isa = PBXFileReference; fileEncoding = 4; lastKnownFileType = sourcecode.c.objc; path = FirstViewController.m; sourceTree = "<group>"; };
		3C1380481AF7488400E417B2 /* TestCustomReverseSegue.h */ = {isa = PBXFileReference; fileEncoding = 4; lastKnownFileType = sourcecode.c.h; path = TestCustomReverseSegue.h; sourceTree = "<group>"; };
		3C1380491AF7488400E417B2 /* TestCustomReverseSegue.m */ = {isa = PBXFileReference; fileEncoding = 4; lastKnownFileType = sourcecode.c.objc; path = TestCustomReverseSegue.m; sourceTree = "<group>"; };
		3C13804A1AF7488400E417B2 /* TestCustomSegue.h */ = {isa = PBXFileReference; fileEncoding = 4; lastKnownFileType = sourcecode.c.h; path = TestCustomSegue.h; sourceTree = "<group>"; };
		3C13804B1AF7488400E417B2 /* TestCustomSegue.m */ = {isa = PBXFileReference; fileEncoding = 4; lastKnownFileType = sourcecode.c.objc; path = TestCustomSegue.m; sourceTree = "<group>"; };
		3C1CE05D1B8841D200DA379A /* UIViewController+seguecode.swift */ = {isa = PBXFileReference; fileEncoding = 4; lastKnownFileType = sourcecode.swift; path = "UIViewController+seguecode.swift"; sourceTree = "<group>"; };
		3C1CE0601B88429100DA379A /* FirstViewController+Main_iPhone.swift */ = {isa = PBXFileReference; fileEncoding = 4; lastKnownFileType = sourcecode.swift; path = "FirstViewController+Main_iPhone.swift"; sourceTree = "<group>"; };
		3C1CE0611B88429100DA379A /* SecondViewController+Main_iPhone.swift */ = {isa = PBXFileReference; fileEncoding = 4; lastKnownFileType = sourcecode.swift; path = "SecondViewController+Main_iPhone.swift"; sourceTree = "<group>"; };
		3C1CE0621B88429100DA379A /* UIViewController+Main_iPhone.swift */ = {isa = PBXFileReference; fileEncoding = 4; lastKnownFileType = sourcecode.swift; path = "UIViewController+Main_iPhone.swift"; sourceTree = "<group>"; };
		3C1CE07D1B88572900DA379A /* seguecode */ = {isa = PBXFileReference; explicitFileType = "compiled.mach-o.executable"; includeInIndex = 0; path = seguecode; sourceTree = BUILT_PRODUCTS_DIR; };
		3C1CE0881B8857B800DA379A /* seguecode.bundle */ = {isa = PBXFileReference; explicitFileType = wrapper.cfbundle; includeInIndex = 0; path = seguecode.bundle; sourceTree = BUILT_PRODUCTS_DIR; };
		3C1CE0A51B88598600DA379A /* seguecodeKit.framework */ = {isa = PBXFileReference; explicitFileType = wrapper.framework; includeInIndex = 0; path = seguecodeKit.framework; sourceTree = BUILT_PRODUCTS_DIR; };
		3C1CE10F1B88BFED00DA379A /* Main_iPhone.swift */ = {isa = PBXFileReference; fileEncoding = 4; lastKnownFileType = sourcecode.swift; path = Main_iPhone.swift; sourceTree = "<group>"; };
		3C4716E21BA2A151006750E9 /* ThirdViewController.swift */ = {isa = PBXFileReference; fileEncoding = 4; lastKnownFileType = sourcecode.swift; path = ThirdViewController.swift; sourceTree = "<group>"; };
		3C73041F1B8BAF680093F82A /* main.m */ = {isa = PBXFileReference; fileEncoding = 4; lastKnownFileType = sourcecode.c.objc; path = main.m; sourceTree = "<group>"; };
		3C7304221B8BAF6F0093F82A /* Info.plist */ = {isa = PBXFileReference; fileEncoding = 4; lastKnownFileType = text.plist.xml; path = Info.plist; sourceTree = "<group>"; };
		3C7304251B8BAF770093F82A /* DefaultTemplate.swift */ = {isa = PBXFileReference; fileEncoding = 4; lastKnownFileType = sourcecode.swift; path = DefaultTemplate.swift; sourceTree = "<group>"; };
		3C7304261B8BAF770093F82A /* Info.plist */ = {isa = PBXFileReference; fileEncoding = 4; lastKnownFileType = text.plist.xml; path = Info.plist; sourceTree = "<group>"; };
		3C7304271B8BAF770093F82A /* seguecode.swift */ = {isa = PBXFileReference; fileEncoding = 4; lastKnownFileType = sourcecode.swift; path = seguecode.swift; sourceTree = "<group>"; };
		3C7304281B8BAF770093F82A /* seguecodeKit.h */ = {isa = PBXFileReference; fileEncoding = 4; lastKnownFileType = sourcecode.c.h; path = seguecodeKit.h; sourceTree = "<group>"; };
		3C73042A1B8BAF770093F82A /* Template+seguecode.swift */ = {isa = PBXFileReference; fileEncoding = 4; lastKnownFileType = sourcecode.swift; path = "Template+seguecode.swift"; sourceTree = "<group>"; };
		3C73042C1B8BAF770093F82A /* SegueInstanceInfo+seguecode.swift */ = {isa = PBXFileReference; fileEncoding = 4; lastKnownFileType = sourcecode.swift; path = "SegueInstanceInfo+seguecode.swift"; sourceTree = "<group>"; };
		3C73042D1B8BAF770093F82A /* ViewControllerClassInfo+seguecode.swift */ = {isa = PBXFileReference; fileEncoding = 4; lastKnownFileType = sourcecode.swift; path = "ViewControllerClassInfo+seguecode.swift"; sourceTree = "<group>"; };
		3C7304351B8BB1B30093F82A /* ddcli.xcodeproj */ = {isa = PBXFileReference; lastKnownFileType = "wrapper.pb-project"; name = ddcli.xcodeproj; path = Library/ddcli/ddcli.xcodeproj; sourceTree = "<group>"; };
		3C7304451B8BB3830093F82A /* SeguecodeCLIApp.h */ = {isa = PBXFileReference; fileEncoding = 4; lastKnownFileType = sourcecode.c.h; path = SeguecodeCLIApp.h; sourceTree = "<group>"; };
		3C7304461B8BB3830093F82A /* SeguecodeCLIApp.m */ = {isa = PBXFileReference; fileEncoding = 4; lastKnownFileType = sourcecode.c.objc; path = SeguecodeCLIApp.m; sourceTree = "<group>"; };
		3C8BD2F71BAD26FA00E0AF8A /* .travis.yml */ = {isa = PBXFileReference; lastKnownFileType = text; path = .travis.yml; sourceTree = "<group>"; };
		3CC70BF21B8EBD15002C4437 /* TableViewCellPrototype+seguecode.swift */ = {isa = PBXFileReference; fileEncoding = 4; lastKnownFileType = sourcecode.swift; path = "TableViewCellPrototype+seguecode.swift"; sourceTree = "<group>"; };
		3CF970101B0147A30052F765 /* SecondViewController.swift */ = {isa = PBXFileReference; fileEncoding = 4; lastKnownFileType = sourcecode.swift; path = SecondViewController.swift; sourceTree = "<group>"; };
		3CFB34CC1BE44D4500FF3A84 /* ViewControllerInstanceInfo+seguecode.swift */ = {isa = PBXFileReference; fileEncoding = 4; lastKnownFileType = sourcecode.swift; path = "ViewControllerInstanceInfo+seguecode.swift"; sourceTree = "<group>"; };
		499E529370BA086E416AE04A /* Pods-seguecodeBundle.release.xcconfig */ = {isa = PBXFileReference; includeInIndex = 1; lastKnownFileType = text.xcconfig; name = "Pods-seguecodeBundle.release.xcconfig"; path = "Pods/Target Support Files/Pods-seguecodeBundle/Pods-seguecodeBundle.release.xcconfig"; sourceTree = "<group>"; };
		4D63F6989CF94539579C3ED9 /* Pods-seguecodeKit.release.xcconfig */ = {isa = PBXFileReference; includeInIndex = 1; lastKnownFileType = text.xcconfig; name = "Pods-seguecodeKit.release.xcconfig"; path = "Pods/Target Support Files/Pods-seguecodeKit/Pods-seguecodeKit.release.xcconfig"; sourceTree = "<group>"; };
		923BA86F12E639ED709CACBB /* Pods_seguecodeBundle.framework */ = {isa = PBXFileReference; explicitFileType = wrapper.framework; includeInIndex = 0; path = Pods_seguecodeBundle.framework; sourceTree = BUILT_PRODUCTS_DIR; };
		EAFD25FD26877717593CCBC4 /* Pods_seguecodeKit.framework */ = {isa = PBXFileReference; explicitFileType = wrapper.framework; includeInIndex = 0; path = Pods_seguecodeKit.framework; sourceTree = BUILT_PRODUCTS_DIR; };
/* End PBXFileReference section */

/* Begin PBXFrameworksBuildPhase section */
		3C137FFF1AF73FA800E417B2 /* Frameworks */ = {
			isa = PBXFrameworksBuildPhase;
			buildActionMask = 2147483647;
			files = (
			);
			runOnlyForDeploymentPostprocessing = 0;
		};
		3C1CE07A1B88572900DA379A /* Frameworks */ = {
			isa = PBXFrameworksBuildPhase;
			buildActionMask = 2147483647;
			files = (
				3C7304441B8BB1ED0093F82A /* libddcli.a in Frameworks */,
			);
			runOnlyForDeploymentPostprocessing = 0;
		};
		3C1CE0851B8857B800DA379A /* Frameworks */ = {
			isa = PBXFrameworksBuildPhase;
			buildActionMask = 2147483647;
			files = (
				A8655F729A961C64A8246398 /* Pods_seguecodeBundle.framework in Frameworks */,
			);
			runOnlyForDeploymentPostprocessing = 0;
		};
		3C1CE0A11B88598600DA379A /* Frameworks */ = {
			isa = PBXFrameworksBuildPhase;
			buildActionMask = 2147483647;
			files = (
				12BF3D29CAC354F954B49AA0 /* Pods_seguecodeKit.framework in Frameworks */,
			);
			runOnlyForDeploymentPostprocessing = 0;
		};
/* End PBXFrameworksBuildPhase section */

/* Begin PBXGroup section */
		3C1380241AF73FEE00E417B2 /* Example */ = {
			isa = PBXGroup;
			children = (
				3C1380251AF73FEE00E417B2 /* iOS */,
			);
			path = Example;
			sourceTree = "<group>";
		};
		3C1380251AF73FEE00E417B2 /* iOS */ = {
			isa = PBXGroup;
			children = (
				3C1380341AF7407C00E417B2 /* Main_iPhone.seguecode.json */,
				3C1380361AF7407C00E417B2 /* Main_iPhone.storyboard */,
				3C1380261AF73FEE00E417B2 /* AppDelegate.swift */,
				3C13802B1AF73FEE00E417B2 /* Images.xcassets */,
				3C13802C1AF73FEE00E417B2 /* Info.plist */,
				3C13803A1AF740A400E417B2 /* iOSExample-Bridging-Header.h */,
				3C13803B1AF740A500E417B2 /* FirstViewController.h */,
				3C13803C1AF740A500E417B2 /* FirstViewController.m */,
				3CF970101B0147A30052F765 /* SecondViewController.swift */,
				3C4716E21BA2A151006750E9 /* ThirdViewController.swift */,
				3C1380421AF740D900E417B2 /* Generated */,
				3C1380471AF7488400E417B2 /* Segues */,
			);
			path = iOS;
			sourceTree = "<group>";
		};
		3C1380421AF740D900E417B2 /* Generated */ = {
			isa = PBXGroup;
			children = (
				3C1CE10F1B88BFED00DA379A /* Main_iPhone.swift */,
				3C1CE0601B88429100DA379A /* FirstViewController+Main_iPhone.swift */,
				3C1CE0611B88429100DA379A /* SecondViewController+Main_iPhone.swift */,
				3C1CE0621B88429100DA379A /* UIViewController+Main_iPhone.swift */,
				3C1CE05D1B8841D200DA379A /* UIViewController+seguecode.swift */,
			);
			path = Generated;
			sourceTree = "<group>";
		};
		3C1380471AF7488400E417B2 /* Segues */ = {
			isa = PBXGroup;
			children = (
				3C13804A1AF7488400E417B2 /* TestCustomSegue.h */,
				3C13804B1AF7488400E417B2 /* TestCustomSegue.m */,
				3C1380481AF7488400E417B2 /* TestCustomReverseSegue.h */,
				3C1380491AF7488400E417B2 /* TestCustomReverseSegue.m */,
			);
			path = Segues;
			sourceTree = "<group>";
		};
		3C1CE0D51B885D3C00DA379A /* Library */ = {
			isa = PBXGroup;
			children = (
				3C7304351B8BB1B30093F82A /* ddcli.xcodeproj */,
			);
			name = Library;
			sourceTree = "<group>";
		};
		3C73041E1B8BAF680093F82A /* seguecode */ = {
			isa = PBXGroup;
			children = (
				3C73041F1B8BAF680093F82A /* main.m */,
				3C7304451B8BB3830093F82A /* SeguecodeCLIApp.h */,
				3C7304461B8BB3830093F82A /* SeguecodeCLIApp.m */,
			);
			path = seguecode;
			sourceTree = "<group>";
		};
		3C7304211B8BAF6F0093F82A /* seguecodeBundle */ = {
			isa = PBXGroup;
			children = (
				3C7304221B8BAF6F0093F82A /* Info.plist */,
			);
			path = seguecodeBundle;
			sourceTree = "<group>";
		};
		3C7304241B8BAF770093F82A /* seguecodeKit */ = {
			isa = PBXGroup;
			children = (
				3C7304251B8BAF770093F82A /* DefaultTemplate.swift */,
				3C7304261B8BAF770093F82A /* Info.plist */,
				3C7304271B8BAF770093F82A /* seguecode.swift */,
				3C7304281B8BAF770093F82A /* seguecodeKit.h */,
				3C7304291B8BAF770093F82A /* Stencil */,
				3C73042B1B8BAF770093F82A /* StoryboardKit */,
			);
			path = seguecodeKit;
			sourceTree = "<group>";
		};
		3C7304291B8BAF770093F82A /* Stencil */ = {
			isa = PBXGroup;
			children = (
				3C73042A1B8BAF770093F82A /* Template+seguecode.swift */,
			);
			path = Stencil;
			sourceTree = "<group>";
		};
		3C73042B1B8BAF770093F82A /* StoryboardKit */ = {
			isa = PBXGroup;
			children = (
				3C73042C1B8BAF770093F82A /* SegueInstanceInfo+seguecode.swift */,
				3C73042D1B8BAF770093F82A /* ViewControllerClassInfo+seguecode.swift */,
				3CC70BF21B8EBD15002C4437 /* TableViewCellPrototype+seguecode.swift */,
				3CFB34CC1BE44D4500FF3A84 /* ViewControllerInstanceInfo+seguecode.swift */,
			);
			path = StoryboardKit;
			sourceTree = "<group>";
		};
		3C7304361B8BB1B30093F82A /* Products */ = {
			isa = PBXGroup;
			children = (
				3C73043D1B8BB1B30093F82A /* example */,
				3C73043F1B8BB1B30093F82A /* simple */,
				3C7304411B8BB1B30093F82A /* libddcli.a */,
			);
			name = Products;
			sourceTree = "<group>";
		};
		3CCF86C01AF65DF600B7472E = {
			isa = PBXGroup;
			children = (
				3C73041E1B8BAF680093F82A /* seguecode */,
				3C7304211B8BAF6F0093F82A /* seguecodeBundle */,
				3C7304241B8BAF770093F82A /* seguecodeKit */,
				3C1380241AF73FEE00E417B2 /* Example */,
				3CCF86CA1AF65DF600B7472E /* Products */,
				8FB6583E9AEF779C95045D69 /* Pods */,
				3C1CE0D51B885D3C00DA379A /* Library */,
				F5E357D676B76B3C2A55679D /* Frameworks */,
				3C8BD2F71BAD26FA00E0AF8A /* .travis.yml */,
			);
			sourceTree = "<group>";
		};
		3CCF86CA1AF65DF600B7472E /* Products */ = {
			isa = PBXGroup;
			children = (
				3C1380021AF73FA800E417B2 /* iOSExample.app */,
				3C1CE07D1B88572900DA379A /* seguecode */,
				3C1CE0881B8857B800DA379A /* seguecode.bundle */,
				3C1CE0A51B88598600DA379A /* seguecodeKit.framework */,
			);
			name = Products;
			sourceTree = "<group>";
		};
		8FB6583E9AEF779C95045D69 /* Pods */ = {
			isa = PBXGroup;
			children = (
				2674C1159AF6B22515144477 /* Pods-seguecodeKit.debug.xcconfig */,
				4D63F6989CF94539579C3ED9 /* Pods-seguecodeKit.release.xcconfig */,
				0743DA19A661DCCAD9763079 /* Pods-seguecodeBundle.debug.xcconfig */,
				499E529370BA086E416AE04A /* Pods-seguecodeBundle.release.xcconfig */,
			);
			name = Pods;
			sourceTree = "<group>";
		};
		F5E357D676B76B3C2A55679D /* Frameworks */ = {
			isa = PBXGroup;
			children = (
				EAFD25FD26877717593CCBC4 /* Pods_seguecodeKit.framework */,
				923BA86F12E639ED709CACBB /* Pods_seguecodeBundle.framework */,
			);
			name = Frameworks;
			sourceTree = "<group>";
		};
/* End PBXGroup section */

/* Begin PBXHeadersBuildPhase section */
		3C1CE0A21B88598600DA379A /* Headers */ = {
			isa = PBXHeadersBuildPhase;
			buildActionMask = 2147483647;
			files = (
				3C7304311B8BAF770093F82A /* seguecodeKit.h in Headers */,
			);
			runOnlyForDeploymentPostprocessing = 0;
		};
/* End PBXHeadersBuildPhase section */

/* Begin PBXNativeTarget section */
		3C1380011AF73FA800E417B2 /* iOSExample */ = {
			isa = PBXNativeTarget;
			buildConfigurationList = 3C1380221AF73FA800E417B2 /* Build configuration list for PBXNativeTarget "iOSExample" */;
			buildPhases = (
				3C137FFE1AF73FA800E417B2 /* Sources */,
				3C137FFF1AF73FA800E417B2 /* Frameworks */,
				3C1380001AF73FA800E417B2 /* Resources */,
			);
			buildRules = (
			);
			dependencies = (
			);
			name = iOSExample;
			productName = seguecodeiOSExample;
			productReference = 3C1380021AF73FA800E417B2 /* iOSExample.app */;
			productType = "com.apple.product-type.application";
		};
		3C1CE07C1B88572900DA379A /* seguecode */ = {
			isa = PBXNativeTarget;
			buildConfigurationList = 3C1CE0811B88572900DA379A /* Build configuration list for PBXNativeTarget "seguecode" */;
			buildPhases = (
				3C1CE0791B88572900DA379A /* Sources */,
				3C1CE07A1B88572900DA379A /* Frameworks */,
			);
			buildRules = (
			);
			dependencies = (
				3C7304431B8BB1E60093F82A /* PBXTargetDependency */,
				3C1CE0E51B88604800DA379A /* PBXTargetDependency */,
			);
			name = seguecode;
			productName = seguecode;
			productReference = 3C1CE07D1B88572900DA379A /* seguecode */;
			productType = "com.apple.product-type.tool";
		};
		3C1CE0871B8857B800DA379A /* seguecodeBundle */ = {
			isa = PBXNativeTarget;
			buildConfigurationList = 3C1CE08C1B8857B800DA379A /* Build configuration list for PBXNativeTarget "seguecodeBundle" */;
			buildPhases = (
				D997504BFEE9928981832419 /* Check Pods Manifest.lock */,
				3C1CE0841B8857B800DA379A /* Sources */,
				3C1CE0851B8857B800DA379A /* Frameworks */,
				3CA216991BA28FE000EE4BA4 /* ShellScript */,
				3C1CE0861B8857B800DA379A /* Resources */,
				3C1CE0911B88586600DA379A /* CopyFiles */,
				3C1CE0931B88588200DA379A /* CopyFiles */,
				1B7075B8F373F3FBA6F6337B /* Copy Pods Resources */,
				3C1CE0F81B88697800DA379A /* Copy Pods Frameworks */,
			);
			buildRules = (
			);
			dependencies = (
				3C1CE0D11B885A7B00DA379A /* PBXTargetDependency */,
				3C1CE0901B88585700DA379A /* PBXTargetDependency */,
			);
			name = seguecodeBundle;
			productName = seguecodeBundle;
			productReference = 3C1CE0881B8857B800DA379A /* seguecode.bundle */;
			productType = "com.apple.product-type.bundle";
		};
		3C1CE0A41B88598600DA379A /* seguecodeKit */ = {
			isa = PBXNativeTarget;
			buildConfigurationList = 3C1CE0BE1B88598600DA379A /* Build configuration list for PBXNativeTarget "seguecodeKit" */;
			buildPhases = (
				2E98C54EE6A565713914D877 /* Check Pods Manifest.lock */,
				3C1CE0A01B88598600DA379A /* Sources */,
				3C1CE0A11B88598600DA379A /* Frameworks */,
				3C1CE0A21B88598600DA379A /* Headers */,
				3C1CE0A31B88598600DA379A /* Resources */,
				6651CAF6AC1663C7C530D463 /* Copy Pods Resources */,
			);
			buildRules = (
			);
			dependencies = (
			);
			name = seguecodeKit;
			productName = seguecodeKit;
			productReference = 3C1CE0A51B88598600DA379A /* seguecodeKit.framework */;
			productType = "com.apple.product-type.framework";
		};
/* End PBXNativeTarget section */

/* Begin PBXProject section */
		3CCF86C11AF65DF600B7472E /* Project object */ = {
			isa = PBXProject;
			attributes = {
				LastSwiftMigration = 0700;
				LastSwiftUpdateCheck = 0700;
				LastUpgradeCheck = 0700;
				ORGANIZATIONNAME = Adorkable;
				TargetAttributes = {
					3C1380011AF73FA800E417B2 = {
						CreatedOnToolsVersion = 6.3.1;
					};
					3C1CE07C1B88572900DA379A = {
						CreatedOnToolsVersion = 6.4;
					};
					3C1CE0871B8857B800DA379A = {
						CreatedOnToolsVersion = 6.4;
					};
					3C1CE0A41B88598600DA379A = {
						CreatedOnToolsVersion = 6.4;
						DevelopmentTeam = 3UDY2NT62F;
					};
				};
			};
			buildConfigurationList = 3CCF86C41AF65DF600B7472E /* Build configuration list for PBXProject "seguecode" */;
			compatibilityVersion = "Xcode 3.2";
			developmentRegion = English;
			hasScannedForEncodings = 0;
			knownRegions = (
				en,
				Base,
			);
			mainGroup = 3CCF86C01AF65DF600B7472E;
			productRefGroup = 3CCF86CA1AF65DF600B7472E /* Products */;
			projectDirPath = "";
			projectReferences = (
				{
					ProductGroup = 3C7304361B8BB1B30093F82A /* Products */;
					ProjectRef = 3C7304351B8BB1B30093F82A /* ddcli.xcodeproj */;
				},
			);
			projectRoot = "";
			targets = (
				3C1CE07C1B88572900DA379A /* seguecode */,
				3C1CE0871B8857B800DA379A /* seguecodeBundle */,
				3C1CE0A41B88598600DA379A /* seguecodeKit */,
				3C1380011AF73FA800E417B2 /* iOSExample */,
			);
		};
/* End PBXProject section */

/* Begin PBXReferenceProxy section */
		3C73043D1B8BB1B30093F82A /* example */ = {
			isa = PBXReferenceProxy;
			fileType = "compiled.mach-o.executable";
			path = example;
			remoteRef = 3C73043C1B8BB1B30093F82A /* PBXContainerItemProxy */;
			sourceTree = BUILT_PRODUCTS_DIR;
		};
		3C73043F1B8BB1B30093F82A /* simple */ = {
			isa = PBXReferenceProxy;
			fileType = "compiled.mach-o.executable";
			path = simple;
			remoteRef = 3C73043E1B8BB1B30093F82A /* PBXContainerItemProxy */;
			sourceTree = BUILT_PRODUCTS_DIR;
		};
		3C7304411B8BB1B30093F82A /* libddcli.a */ = {
			isa = PBXReferenceProxy;
			fileType = archive.ar;
			path = libddcli.a;
			remoteRef = 3C7304401B8BB1B30093F82A /* PBXContainerItemProxy */;
			sourceTree = BUILT_PRODUCTS_DIR;
		};
/* End PBXReferenceProxy section */

/* Begin PBXResourcesBuildPhase section */
		3C1380001AF73FA800E417B2 /* Resources */ = {
			isa = PBXResourcesBuildPhase;
			buildActionMask = 2147483647;
			files = (
				3C1380391AF7407C00E417B2 /* Main_iPhone.storyboard in Resources */,
				3C1380311AF73FEE00E417B2 /* Images.xcassets in Resources */,
			);
			runOnlyForDeploymentPostprocessing = 0;
		};
		3C1CE0861B8857B800DA379A /* Resources */ = {
			isa = PBXResourcesBuildPhase;
			buildActionMask = 2147483647;
			files = (
			);
			runOnlyForDeploymentPostprocessing = 0;
		};
		3C1CE0A31B88598600DA379A /* Resources */ = {
			isa = PBXResourcesBuildPhase;
			buildActionMask = 2147483647;
			files = (
			);
			runOnlyForDeploymentPostprocessing = 0;
		};
/* End PBXResourcesBuildPhase section */

/* Begin PBXShellScriptBuildPhase section */
		1B7075B8F373F3FBA6F6337B /* Copy Pods Resources */ = {
			isa = PBXShellScriptBuildPhase;
			buildActionMask = 2147483647;
			files = (
			);
			inputPaths = (
			);
			name = "Copy Pods Resources";
			outputPaths = (
			);
			runOnlyForDeploymentPostprocessing = 0;
			shellPath = /bin/sh;
			shellScript = "\"${SRCROOT}/Pods/Target Support Files/Pods-seguecodeBundle/Pods-seguecodeBundle-resources.sh\"\n";
			showEnvVarsInLog = 0;
		};
		2E98C54EE6A565713914D877 /* Check Pods Manifest.lock */ = {
			isa = PBXShellScriptBuildPhase;
			buildActionMask = 2147483647;
			files = (
			);
			inputPaths = (
			);
			name = "Check Pods Manifest.lock";
			outputPaths = (
			);
			runOnlyForDeploymentPostprocessing = 0;
			shellPath = /bin/sh;
			shellScript = "diff \"${PODS_ROOT}/../Podfile.lock\" \"${PODS_ROOT}/Manifest.lock\" > /dev/null\nif [[ $? != 0 ]] ; then\n    cat << EOM\nerror: The sandbox is not in sync with the Podfile.lock. Run 'pod install' or update your CocoaPods installation.\nEOM\n    exit 1\nfi\n";
			showEnvVarsInLog = 0;
		};
		3C1CE0F81B88697800DA379A /* Copy Pods Frameworks */ = {
			isa = PBXShellScriptBuildPhase;
			buildActionMask = 2147483647;
			files = (
			);
			inputPaths = (
			);
			name = "Copy Pods Frameworks";
			outputPaths = (
			);
			runOnlyForDeploymentPostprocessing = 0;
			shellPath = /bin/sh;
			shellScript = "\"${SRCROOT}/Pods/Target Support Files/Pods-seguecodeBundle/Pods-seguecodeBundle-frameworks.sh\"\n";
			showEnvVarsInLog = 0;
		};
		3CA216991BA28FE000EE4BA4 /* ShellScript */ = {
			isa = PBXShellScriptBuildPhase;
			buildActionMask = 8;
			files = (
			);
			inputPaths = (
			);
			outputPaths = (
			);
			runOnlyForDeploymentPostprocessing = 1;
			shellPath = /bin/sh;
			shellScript = "./Tools/xcode-build-bump.sh";
		};
		6651CAF6AC1663C7C530D463 /* Copy Pods Resources */ = {
			isa = PBXShellScriptBuildPhase;
			buildActionMask = 2147483647;
			files = (
			);
			inputPaths = (
			);
			name = "Copy Pods Resources";
			outputPaths = (
			);
			runOnlyForDeploymentPostprocessing = 0;
			shellPath = /bin/sh;
			shellScript = "\"${SRCROOT}/Pods/Target Support Files/Pods-seguecodeKit/Pods-seguecodeKit-resources.sh\"\n";
			showEnvVarsInLog = 0;
		};
		D997504BFEE9928981832419 /* Check Pods Manifest.lock */ = {
			isa = PBXShellScriptBuildPhase;
			buildActionMask = 2147483647;
			files = (
			);
			inputPaths = (
			);
			name = "Check Pods Manifest.lock";
			outputPaths = (
			);
			runOnlyForDeploymentPostprocessing = 0;
			shellPath = /bin/sh;
			shellScript = "diff \"${PODS_ROOT}/../Podfile.lock\" \"${PODS_ROOT}/Manifest.lock\" > /dev/null\nif [[ $? != 0 ]] ; then\n    cat << EOM\nerror: The sandbox is not in sync with the Podfile.lock. Run 'pod install' or update your CocoaPods installation.\nEOM\n    exit 1\nfi\n";
			showEnvVarsInLog = 0;
		};
/* End PBXShellScriptBuildPhase section */

/* Begin PBXSourcesBuildPhase section */
		3C137FFE1AF73FA800E417B2 /* Sources */ = {
			isa = PBXSourcesBuildPhase;
			buildActionMask = 2147483647;
			files = (
				3CF970121B0147AA0052F765 /* SecondViewController.swift in Sources */,
				3CC70BED1B8EB07F002C4437 /* FirstViewController+Main_iPhone.swift in Sources */,
				3C4716E31BA2A151006750E9 /* ThirdViewController.swift in Sources */,
				3CC70BEF1B8EB07F002C4437 /* UIViewController+Main_iPhone.swift in Sources */,
				3C1CE05F1B88421900DA379A /* UIViewController+seguecode.swift in Sources */,
				3C13804C1AF7488400E417B2 /* TestCustomReverseSegue.m in Sources */,
				3C13802E1AF73FEE00E417B2 /* AppDelegate.swift in Sources */,
				3C13804D1AF7488400E417B2 /* TestCustomSegue.m in Sources */,
				3CC70BEE1B8EB07F002C4437 /* SecondViewController+Main_iPhone.swift in Sources */,
				3C13803F1AF740A500E417B2 /* FirstViewController.m in Sources */,
			);
			runOnlyForDeploymentPostprocessing = 0;
		};
		3C1CE0791B88572900DA379A /* Sources */ = {
			isa = PBXSourcesBuildPhase;
			buildActionMask = 2147483647;
			files = (
				3C7304201B8BAF680093F82A /* main.m in Sources */,
				3C7304471B8BB3830093F82A /* SeguecodeCLIApp.m in Sources */,
			);
			runOnlyForDeploymentPostprocessing = 0;
		};
		3C1CE0841B8857B800DA379A /* Sources */ = {
			isa = PBXSourcesBuildPhase;
			buildActionMask = 2147483647;
			files = (
			);
			runOnlyForDeploymentPostprocessing = 0;
		};
		3C1CE0A01B88598600DA379A /* Sources */ = {
			isa = PBXSourcesBuildPhase;
			buildActionMask = 2147483647;
			files = (
				3C7304301B8BAF770093F82A /* seguecode.swift in Sources */,
				3CC70BF31B8EBD15002C4437 /* TableViewCellPrototype+seguecode.swift in Sources */,
				3C73042E1B8BAF770093F82A /* DefaultTemplate.swift in Sources */,
				3C7304321B8BAF770093F82A /* Template+seguecode.swift in Sources */,
				3C7304341B8BAF770093F82A /* ViewControllerClassInfo+seguecode.swift in Sources */,
				3C7304331B8BAF770093F82A /* SegueInstanceInfo+seguecode.swift in Sources */,
				3CFB34CD1BE44D4500FF3A84 /* ViewControllerInstanceInfo+seguecode.swift in Sources */,
			);
			runOnlyForDeploymentPostprocessing = 0;
		};
/* End PBXSourcesBuildPhase section */

/* Begin PBXTargetDependency section */
		3C1CE0901B88585700DA379A /* PBXTargetDependency */ = {
			isa = PBXTargetDependency;
			target = 3C1CE07C1B88572900DA379A /* seguecode */;
			targetProxy = 3C1CE08F1B88585700DA379A /* PBXContainerItemProxy */;
		};
		3C1CE0D11B885A7B00DA379A /* PBXTargetDependency */ = {
			isa = PBXTargetDependency;
			target = 3C1CE0A41B88598600DA379A /* seguecodeKit */;
			targetProxy = 3C1CE0D01B885A7B00DA379A /* PBXContainerItemProxy */;
		};
		3C1CE0E51B88604800DA379A /* PBXTargetDependency */ = {
			isa = PBXTargetDependency;
			target = 3C1CE0A41B88598600DA379A /* seguecodeKit */;
			targetProxy = 3C1CE0E41B88604800DA379A /* PBXContainerItemProxy */;
		};
		3C7304431B8BB1E60093F82A /* PBXTargetDependency */ = {
			isa = PBXTargetDependency;
			name = ddcli;
			targetProxy = 3C7304421B8BB1E60093F82A /* PBXContainerItemProxy */;
		};
/* End PBXTargetDependency section */

/* Begin PBXVariantGroup section */
		3C1380341AF7407C00E417B2 /* Main_iPhone.seguecode.json */ = {
			isa = PBXVariantGroup;
			children = (
				3C1380351AF7407C00E417B2 /* Base */,
			);
			name = Main_iPhone.seguecode.json;
			sourceTree = "<group>";
		};
		3C1380361AF7407C00E417B2 /* Main_iPhone.storyboard */ = {
			isa = PBXVariantGroup;
			children = (
				3C1380371AF7407C00E417B2 /* Base */,
			);
			name = Main_iPhone.storyboard;
			sourceTree = "<group>";
		};
/* End PBXVariantGroup section */

/* Begin XCBuildConfiguration section */
		3C13801E1AF73FA800E417B2 /* Debug */ = {
			isa = XCBuildConfiguration;
			buildSettings = {
				ASSETCATALOG_COMPILER_APPICON_NAME = AppIcon;
				CLANG_ENABLE_MODULES = YES;
				"CODE_SIGN_IDENTITY[sdk=iphoneos*]" = "iPhone Developer";
				DEBUG_INFORMATION_FORMAT = "dwarf-with-dsym";
				GCC_PREPROCESSOR_DEFINITIONS = (
					"DEBUG=1",
					"$(inherited)",
				);
				INFOPLIST_FILE = "$(SRCROOT)/Example/iOS/Info.plist";
				IPHONEOS_DEPLOYMENT_TARGET = 8.4;
				LD_RUNPATH_SEARCH_PATHS = "$(inherited) @executable_path/Frameworks";
				PRODUCT_BUNDLE_IDENTIFIER = "cc.adorkable.seguecode.$(PRODUCT_NAME:rfc1034identifier)";
				PRODUCT_NAME = "$(TARGET_NAME)";
				SDKROOT = iphoneos;
				SWIFT_OBJC_BRIDGING_HEADER = "Example/iOS/iOSExample-Bridging-Header.h";
				SWIFT_OPTIMIZATION_LEVEL = "-Onone";
				TARGETED_DEVICE_FAMILY = "1,2";
			};
			name = Debug;
		};
		3C13801F1AF73FA800E417B2 /* Release */ = {
			isa = XCBuildConfiguration;
			buildSettings = {
				ASSETCATALOG_COMPILER_APPICON_NAME = AppIcon;
				CLANG_ENABLE_MODULES = YES;
				"CODE_SIGN_IDENTITY[sdk=iphoneos*]" = "iPhone Developer";
				INFOPLIST_FILE = "$(SRCROOT)/Example/iOS/Info.plist";
				IPHONEOS_DEPLOYMENT_TARGET = 8.4;
				LD_RUNPATH_SEARCH_PATHS = "$(inherited) @executable_path/Frameworks";
				PRODUCT_BUNDLE_IDENTIFIER = "cc.adorkable.seguecode.$(PRODUCT_NAME:rfc1034identifier)";
				PRODUCT_NAME = "$(TARGET_NAME)";
				SDKROOT = iphoneos;
				SWIFT_OBJC_BRIDGING_HEADER = "Example/iOS/iOSExample-Bridging-Header.h";
				TARGETED_DEVICE_FAMILY = "1,2";
				VALIDATE_PRODUCT = YES;
			};
			name = Release;
		};
		3C1CE0821B88572900DA379A /* Debug */ = {
			isa = XCBuildConfiguration;
			buildSettings = {
				GCC_PREPROCESSOR_DEFINITIONS = (
					"DEBUG=1",
					"$(inherited)",
				);
				HEADER_SEARCH_PATHS = (
					"$(inherited)",
					/Applications/Xcode.app/Contents/Developer/Toolchains/XcodeDefault.xctoolchain/usr/include,
					Library/ddcli/lib,
				);
				LD_RUNPATH_SEARCH_PATHS = "$(inherited) @executable_path/../Frameworks @executable_path/$(PRODUCT_NAME).bundle/Contents/Frameworks";
				PRODUCT_NAME = "$(TARGET_NAME)";
			};
			name = Debug;
		};
		3C1CE0831B88572900DA379A /* Release */ = {
			isa = XCBuildConfiguration;
			buildSettings = {
				HEADER_SEARCH_PATHS = (
					"$(inherited)",
					/Applications/Xcode.app/Contents/Developer/Toolchains/XcodeDefault.xctoolchain/usr/include,
					Library/ddcli/lib,
				);
				LD_RUNPATH_SEARCH_PATHS = "$(inherited) @executable_path/../Frameworks";
				PRODUCT_NAME = "$(TARGET_NAME)";
			};
			name = Release;
		};
		3C1CE08D1B8857B800DA379A /* Debug */ = {
			isa = XCBuildConfiguration;
			baseConfigurationReference = 0743DA19A661DCCAD9763079 /* Pods-seguecodeBundle.debug.xcconfig */;
			buildSettings = {
				COMBINE_HIDPI_IMAGES = YES;
				GCC_PREPROCESSOR_DEFINITIONS = (
					"DEBUG=1",
					"$(inherited)",
				);
				INFOPLIST_FILE = seguecodeBundle/Info.plist;
				INSTALL_PATH = "$(LOCAL_LIBRARY_DIR)/Bundles";
				PRODUCT_BUNDLE_IDENTIFIER = cc.adorkable.seguecode.bundle;
				PRODUCT_NAME = seguecode;
				SKIP_INSTALL = YES;
				WRAPPER_EXTENSION = bundle;
			};
			name = Debug;
		};
		3C1CE08E1B8857B800DA379A /* Release */ = {
			isa = XCBuildConfiguration;
			baseConfigurationReference = 499E529370BA086E416AE04A /* Pods-seguecodeBundle.release.xcconfig */;
			buildSettings = {
				COMBINE_HIDPI_IMAGES = YES;
				INFOPLIST_FILE = seguecodeBundle/Info.plist;
				INSTALL_PATH = "$(LOCAL_LIBRARY_DIR)/Bundles";
				PRODUCT_BUNDLE_IDENTIFIER = cc.adorkable.seguecode.bundle;
				PRODUCT_NAME = seguecode;
				SKIP_INSTALL = YES;
				WRAPPER_EXTENSION = bundle;
			};
			name = Release;
		};
		3C1CE0BF1B88598600DA379A /* Debug */ = {
			isa = XCBuildConfiguration;
			baseConfigurationReference = 2674C1159AF6B22515144477 /* Pods-seguecodeKit.debug.xcconfig */;
			buildSettings = {
				COMBINE_HIDPI_IMAGES = YES;
				CURRENT_PROJECT_VERSION = 1;
				DEFINES_MODULE = YES;
				DYLIB_COMPATIBILITY_VERSION = 1;
				DYLIB_CURRENT_VERSION = 1;
				DYLIB_INSTALL_NAME_BASE = "@rpath";
				FRAMEWORK_VERSION = A;
				GCC_PREPROCESSOR_DEFINITIONS = (
					"DEBUG=1",
					"$(inherited)",
				);
				INFOPLIST_FILE = seguecodeKit/Info.plist;
				INSTALL_PATH = "$(LOCAL_LIBRARY_DIR)/Frameworks";
				LD_RUNPATH_SEARCH_PATHS = "$(inherited) @executable_path/../Frameworks @loader_path/Frameworks";
				PRODUCT_BUNDLE_IDENTIFIER = "cc.adorkable.seguecode.$(PRODUCT_NAME:rfc1034identifier)";
				PRODUCT_NAME = "$(TARGET_NAME)";
				SKIP_INSTALL = YES;
				VERSIONING_SYSTEM = "apple-generic";
				VERSION_INFO_PREFIX = "";
			};
			name = Debug;
		};
		3C1CE0C01B88598600DA379A /* Release */ = {
			isa = XCBuildConfiguration;
			baseConfigurationReference = 4D63F6989CF94539579C3ED9 /* Pods-seguecodeKit.release.xcconfig */;
			buildSettings = {
				COMBINE_HIDPI_IMAGES = YES;
				CURRENT_PROJECT_VERSION = 1;
				DEFINES_MODULE = YES;
				DYLIB_COMPATIBILITY_VERSION = 1;
				DYLIB_CURRENT_VERSION = 1;
				DYLIB_INSTALL_NAME_BASE = "@rpath";
				FRAMEWORK_VERSION = A;
				INFOPLIST_FILE = seguecodeKit/Info.plist;
				INSTALL_PATH = "$(LOCAL_LIBRARY_DIR)/Frameworks";
				LD_RUNPATH_SEARCH_PATHS = "$(inherited) @executable_path/../Frameworks @loader_path/Frameworks";
				PRODUCT_BUNDLE_IDENTIFIER = "cc.adorkable.seguecode.$(PRODUCT_NAME:rfc1034identifier)";
				PRODUCT_NAME = "$(TARGET_NAME)";
				SKIP_INSTALL = YES;
				VERSIONING_SYSTEM = "apple-generic";
				VERSION_INFO_PREFIX = "";
			};
			name = Release;
		};
		3CCF86E11AF65DF600B7472E /* Debug */ = {
			isa = XCBuildConfiguration;
			buildSettings = {
				ALWAYS_SEARCH_USER_PATHS = NO;
				CLANG_CXX_LANGUAGE_STANDARD = "gnu++0x";
				CLANG_CXX_LIBRARY = "libc++";
				CLANG_ENABLE_MODULES = YES;
				CLANG_ENABLE_OBJC_ARC = YES;
				CLANG_WARN_BOOL_CONVERSION = YES;
				CLANG_WARN_CONSTANT_CONVERSION = YES;
				CLANG_WARN_DIRECT_OBJC_ISA_USAGE = YES_ERROR;
				CLANG_WARN_EMPTY_BODY = YES;
				CLANG_WARN_ENUM_CONVERSION = YES;
				CLANG_WARN_INT_CONVERSION = YES;
				CLANG_WARN_OBJC_ROOT_CLASS = YES_ERROR;
				CLANG_WARN_UNREACHABLE_CODE = YES;
				CLANG_WARN__DUPLICATE_METHOD_MATCH = YES;
				COPY_PHASE_STRIP = NO;
				DEBUG_INFORMATION_FORMAT = dwarf;
				ENABLE_STRICT_OBJC_MSGSEND = YES;
				ENABLE_TESTABILITY = YES;
				GCC_C_LANGUAGE_STANDARD = gnu99;
				GCC_DYNAMIC_NO_PIC = NO;
				GCC_NO_COMMON_BLOCKS = YES;
				GCC_OPTIMIZATION_LEVEL = 0;
				GCC_PREPROCESSOR_DEFINITIONS = (
					"DEBUG=1",
					"$(inherited)",
				);
				GCC_SYMBOLS_PRIVATE_EXTERN = NO;
				GCC_WARN_64_TO_32_BIT_CONVERSION = YES;
				GCC_WARN_ABOUT_RETURN_TYPE = YES_ERROR;
				GCC_WARN_UNDECLARED_SELECTOR = YES;
				GCC_WARN_UNINITIALIZED_AUTOS = YES_AGGRESSIVE;
				GCC_WARN_UNUSED_FUNCTION = YES;
				GCC_WARN_UNUSED_VARIABLE = YES;
				MACOSX_DEPLOYMENT_TARGET = 10.10;
				MTL_ENABLE_DEBUG_INFO = YES;
				ONLY_ACTIVE_ARCH = YES;
				SDKROOT = macosx;
				SWIFT_OPTIMIZATION_LEVEL = "-Onone";
			};
			name = Debug;
		};
		3CCF86E21AF65DF600B7472E /* Release */ = {
			isa = XCBuildConfiguration;
			buildSettings = {
				ALWAYS_SEARCH_USER_PATHS = NO;
				CLANG_CXX_LANGUAGE_STANDARD = "gnu++0x";
				CLANG_CXX_LIBRARY = "libc++";
				CLANG_ENABLE_MODULES = YES;
				CLANG_ENABLE_OBJC_ARC = YES;
				CLANG_WARN_BOOL_CONVERSION = YES;
				CLANG_WARN_CONSTANT_CONVERSION = YES;
				CLANG_WARN_DIRECT_OBJC_ISA_USAGE = YES_ERROR;
				CLANG_WARN_EMPTY_BODY = YES;
				CLANG_WARN_ENUM_CONVERSION = YES;
				CLANG_WARN_INT_CONVERSION = YES;
				CLANG_WARN_OBJC_ROOT_CLASS = YES_ERROR;
				CLANG_WARN_UNREACHABLE_CODE = YES;
				CLANG_WARN__DUPLICATE_METHOD_MATCH = YES;
				COPY_PHASE_STRIP = NO;
				DEBUG_INFORMATION_FORMAT = "dwarf-with-dsym";
				ENABLE_NS_ASSERTIONS = NO;
				ENABLE_STRICT_OBJC_MSGSEND = YES;
				GCC_C_LANGUAGE_STANDARD = gnu99;
				GCC_NO_COMMON_BLOCKS = YES;
				GCC_WARN_64_TO_32_BIT_CONVERSION = YES;
				GCC_WARN_ABOUT_RETURN_TYPE = YES_ERROR;
				GCC_WARN_UNDECLARED_SELECTOR = YES;
				GCC_WARN_UNINITIALIZED_AUTOS = YES_AGGRESSIVE;
				GCC_WARN_UNUSED_FUNCTION = YES;
				GCC_WARN_UNUSED_VARIABLE = YES;
				MACOSX_DEPLOYMENT_TARGET = 10.10;
				MTL_ENABLE_DEBUG_INFO = NO;
				SDKROOT = macosx;
			};
			name = Release;
		};
/* End XCBuildConfiguration section */

/* Begin XCConfigurationList section */
		3C1380221AF73FA800E417B2 /* Build configuration list for PBXNativeTarget "iOSExample" */ = {
			isa = XCConfigurationList;
			buildConfigurations = (
				3C13801E1AF73FA800E417B2 /* Debug */,
				3C13801F1AF73FA800E417B2 /* Release */,
			);
			defaultConfigurationIsVisible = 0;
			defaultConfigurationName = Release;
		};
		3C1CE0811B88572900DA379A /* Build configuration list for PBXNativeTarget "seguecode" */ = {
			isa = XCConfigurationList;
			buildConfigurations = (
				3C1CE0821B88572900DA379A /* Debug */,
				3C1CE0831B88572900DA379A /* Release */,
			);
			defaultConfigurationIsVisible = 0;
			defaultConfigurationName = Release;
		};
		3C1CE08C1B8857B800DA379A /* Build configuration list for PBXNativeTarget "seguecodeBundle" */ = {
			isa = XCConfigurationList;
			buildConfigurations = (
				3C1CE08D1B8857B800DA379A /* Debug */,
				3C1CE08E1B8857B800DA379A /* Release */,
			);
			defaultConfigurationIsVisible = 0;
			defaultConfigurationName = Release;
		};
		3C1CE0BE1B88598600DA379A /* Build configuration list for PBXNativeTarget "seguecodeKit" */ = {
			isa = XCConfigurationList;
			buildConfigurations = (
				3C1CE0BF1B88598600DA379A /* Debug */,
				3C1CE0C01B88598600DA379A /* Release */,
			);
			defaultConfigurationIsVisible = 0;
			defaultConfigurationName = Release;
		};
		3CCF86C41AF65DF600B7472E /* Build configuration list for PBXProject "seguecode" */ = {
			isa = XCConfigurationList;
			buildConfigurations = (
				3CCF86E11AF65DF600B7472E /* Debug */,
				3CCF86E21AF65DF600B7472E /* Release */,
			);
			defaultConfigurationIsVisible = 0;
			defaultConfigurationName = Release;
		};
/* End XCConfigurationList section */
	};
	rootObject = 3CCF86C11AF65DF600B7472E /* Project object */;
}
