PODS:
  - CCTemplate (0.2.0)
  - RaptureXML (1.0.1)
  - TypeForKey (0.1)

DEPENDENCIES:
  - CCTemplate (from `https://github.com/yoiang/CocoaTemplateEngine`)
  - RaptureXML (~> 1.0.1)
  - TypeForKey

EXTERNAL SOURCES:
  CCTemplate:
    :git: https://github.com/yoiang/CocoaTemplateEngine

CHECKOUT OPTIONS:
  CCTemplate:
    :commit: 96fd3182adebf93de44a462e0680b6b3d8d0c89b
    :git: https://github.com/yoiang/CocoaTemplateEngine

SPEC CHECKSUMS:
  CCTemplate: f00efa85dad31e12b8a766b8e8198eb772c71c4f
  RaptureXML: b5c33c04c1a4adfd8ad0d5463329a31820596e82
  TypeForKey: ca53c34506d96f357646d58ffa0f31b2d585f088

COCOAPODS: 0.36.3
