// !$*UTF8*$!
{
	archiveVersion = 1;
	classes = {
	};
	objectVersion = 46;
	objects = {

/* Begin PBXBuildFile section */
		3C4B54131A0EE7FE0041E9D0 /* AppKit.framework in Frameworks */ = {isa = PBXBuildFile; fileRef = 3C4B54121A0EE7FE0041E9D0 /* AppKit.framework */; };
		3C4B54151A0EE7FE0041E9D0 /* Foundation.framework in Frameworks */ = {isa = PBXBuildFile; fileRef = 3C4B54141A0EE7FE0041E9D0 /* Foundation.framework */; };
		3C4B541D1A0EE7FE0041E9D0 /* seguecodePlugin.m in Sources */ = {isa = PBXBuildFile; fileRef = 3C4B541C1A0EE7FE0041E9D0 /* seguecodePlugin.m */; };
		3C4B54261A0EE8270041E9D0 /* NSNotification+Utility.m in Sources */ = {isa = PBXBuildFile; fileRef = 3C4B54231A0EE8270041E9D0 /* NSNotification+Utility.m */; };
		3C4B54271A0EE8270041E9D0 /* NSObject+Utility.m in Sources */ = {isa = PBXBuildFile; fileRef = 3C4B54251A0EE8270041E9D0 /* NSObject+Utility.m */; };
		3C4B54411A0EE8740041E9D0 /* AppKit.framework in Frameworks */ = {isa = PBXBuildFile; fileRef = 3C4B54121A0EE7FE0041E9D0 /* AppKit.framework */; };
		3C4B54421A0EE8740041E9D0 /* Foundation.framework in Frameworks */ = {isa = PBXBuildFile; fileRef = 3C4B54141A0EE7FE0041E9D0 /* Foundation.framework */; };
		3C4B54611A0EEAC10041E9D0 /* NSNotification+Utility.m in Sources */ = {isa = PBXBuildFile; fileRef = 3C4B54231A0EE8270041E9D0 /* NSNotification+Utility.m */; };
		3C4B54631A0EEAC10041E9D0 /* NSObject+Utility.m in Sources */ = {isa = PBXBuildFile; fileRef = 3C4B54251A0EE8270041E9D0 /* NSObject+Utility.m */; };
		3C4B54651A0EEAC10041E9D0 /* seguecodePlugin.m in Sources */ = {isa = PBXBuildFile; fileRef = 3C4B541C1A0EE7FE0041E9D0 /* seguecodePlugin.m */; };
		3C6608661B8B6FB000F86FFD /* seguecode.bundle in CopyFiles */ = {isa = PBXBuildFile; fileRef = 3CAA72131B8A064F0028683D /* seguecode.bundle */; settings = {ATTRIBUTES = (CodeSignOnCopy, RemoveHeadersOnCopy, ); }; };
		3CAA721A1B8A07490028683D /* NSMutableDictionary+RunConfig.m in Sources */ = {isa = PBXBuildFile; fileRef = 3CAA72191B8A07490028683D /* NSMutableDictionary+RunConfig.m */; };
		3CAA721F1B8A0B600028683D /* seguecode.bundle in CopyFiles */ = {isa = PBXBuildFile; fileRef = 3CAA72131B8A064F0028683D /* seguecode.bundle */; settings = {ATTRIBUTES = (CodeSignOnCopy, RemoveHeadersOnCopy, ); }; };
		3CFE5E331B8B68A800A4146D /* NSMutableDictionary+RunConfig.m in Sources */ = {isa = PBXBuildFile; fileRef = 3CAA72191B8A07490028683D /* NSMutableDictionary+RunConfig.m */; };
/* End PBXBuildFile section */

/* Begin PBXContainerItemProxy section */
		3C4B54571A0EEA910041E9D0 /* PBXContainerItemProxy */ = {
			isa = PBXContainerItemProxy;
			containerPortal = 3C4B54511A0EEA910041E9D0 /* seguecode.xcodeproj */;
			proxyType = 2;
			remoteGlobalIDString = 3CE464411856B24A002F423D;
			remoteInfo = seguecode;
		};
		3CAA720D1B8A064F0028683D /* PBXContainerItemProxy */ = {
			isa = PBXContainerItemProxy;
			containerPortal = 3C4B54511A0EEA910041E9D0 /* seguecode.xcodeproj */;
			proxyType = 1;
			remoteGlobalIDString = 3C1CE0871B8857B800DA379A;
			remoteInfo = seguecodeBundle;
		};
		3CAA72121B8A064F0028683D /* PBXContainerItemProxy */ = {
			isa = PBXContainerItemProxy;
			containerPortal = 3C4B54511A0EEA910041E9D0 /* seguecode.xcodeproj */;
			proxyType = 2;
			remoteGlobalIDString = 3C1CE0881B8857B800DA379A;
			remoteInfo = seguecodeBundle;
		};
		3CAA72141B8A064F0028683D /* PBXContainerItemProxy */ = {
			isa = PBXContainerItemProxy;
			containerPortal = 3C4B54511A0EEA910041E9D0 /* seguecode.xcodeproj */;
			proxyType = 2;
			remoteGlobalIDString = 3C1CE0A51B88598600DA379A;
			remoteInfo = seguecodeKit;
		};
		3CAA72161B8A064F0028683D /* PBXContainerItemProxy */ = {
			isa = PBXContainerItemProxy;
			containerPortal = 3C4B54511A0EEA910041E9D0 /* seguecode.xcodeproj */;
			proxyType = 2;
			remoteGlobalIDString = 3C1380021AF73FA800E417B2;
			remoteInfo = iOSExample;
		};
/* End PBXContainerItemProxy section */

/* Begin PBXCopyFilesBuildPhase section */
		3C6608651B8B6F9F00F86FFD /* CopyFiles */ = {
			isa = PBXCopyFilesBuildPhase;
			buildActionMask = 2147483647;
			dstPath = "";
			dstSubfolderSpec = 7;
			files = (
				3C6608661B8B6FB000F86FFD /* seguecode.bundle in CopyFiles */,
			);
			runOnlyForDeploymentPostprocessing = 0;
		};
		3CAA721E1B8A0B470028683D /* CopyFiles */ = {
			isa = PBXCopyFilesBuildPhase;
			buildActionMask = 2147483647;
			dstPath = "";
			dstSubfolderSpec = 7;
			files = (
				3CAA721F1B8A0B600028683D /* seguecode.bundle in CopyFiles */,
			);
			runOnlyForDeploymentPostprocessing = 0;
		};
/* End PBXCopyFilesBuildPhase section */

/* Begin PBXFileReference section */
		3C4B54101A0EE7FE0041E9D0 /* seguecodePlugin.xcplugin */ = {isa = PBXFileReference; explicitFileType = wrapper.cfbundle; includeInIndex = 0; path = seguecodePlugin.xcplugin; sourceTree = BUILT_PRODUCTS_DIR; };
		3C4B54121A0EE7FE0041E9D0 /* AppKit.framework */ = {isa = PBXFileReference; lastKnownFileType = wrapper.framework; name = AppKit.framework; path = /System/Library/Frameworks/AppKit.framework; sourceTree = "<absolute>"; };
		3C4B54141A0EE7FE0041E9D0 /* Foundation.framework */ = {isa = PBXFileReference; lastKnownFileType = wrapper.framework; name = Foundation.framework; path = /System/Library/Frameworks/Foundation.framework; sourceTree = "<absolute>"; };
		3C4B54181A0EE7FE0041E9D0 /* Info.plist */ = {isa = PBXFileReference; lastKnownFileType = text.plist.xml; path = Info.plist; sourceTree = "<group>"; };
		3C4B54191A0EE7FE0041E9D0 /* seguecodePlugin.xcscheme */ = {isa = PBXFileReference; lastKnownFileType = text.xml; name = seguecodePlugin.xcscheme; path = seguecodePlugin.xcodeproj/xcshareddata/xcschemes/seguecodePlugin.xcscheme; sourceTree = SOURCE_ROOT; };
		3C4B541B1A0EE7FE0041E9D0 /* seguecodePlugin.h */ = {isa = PBXFileReference; lastKnownFileType = sourcecode.c.h; path = seguecodePlugin.h; sourceTree = "<group>"; };
		3C4B541C1A0EE7FE0041E9D0 /* seguecodePlugin.m */ = {isa = PBXFileReference; lastKnownFileType = sourcecode.c.objc; path = seguecodePlugin.m; sourceTree = "<group>"; };
		3C4B54221A0EE8270041E9D0 /* NSNotification+Utility.h */ = {isa = PBXFileReference; fileEncoding = 4; lastKnownFileType = sourcecode.c.h; path = "NSNotification+Utility.h"; sourceTree = "<group>"; };
		3C4B54231A0EE8270041E9D0 /* NSNotification+Utility.m */ = {isa = PBXFileReference; fileEncoding = 4; lastKnownFileType = sourcecode.c.objc; path = "NSNotification+Utility.m"; sourceTree = "<group>"; };
		3C4B54241A0EE8270041E9D0 /* NSObject+Utility.h */ = {isa = PBXFileReference; fileEncoding = 4; lastKnownFileType = sourcecode.c.h; path = "NSObject+Utility.h"; sourceTree = "<group>"; };
		3C4B54251A0EE8270041E9D0 /* NSObject+Utility.m */ = {isa = PBXFileReference; fileEncoding = 4; lastKnownFileType = sourcecode.c.objc; path = "NSObject+Utility.m"; sourceTree = "<group>"; };
		3C4B544E1A0EE8A90041E9D0 /* seguecodePlugin.xcplugin */ = {isa = PBXFileReference; explicitFileType = wrapper.cfbundle; includeInIndex = 0; path = seguecodePlugin.xcplugin; sourceTree = BUILT_PRODUCTS_DIR; };
		3C4B54511A0EEA910041E9D0 /* seguecode.xcodeproj */ = {isa = PBXFileReference; lastKnownFileType = "wrapper.pb-project"; path = seguecode.xcodeproj; sourceTree = "<group>"; };
		3CAA72181B8A07490028683D /* NSMutableDictionary+RunConfig.h */ = {isa = PBXFileReference; fileEncoding = 4; lastKnownFileType = sourcecode.c.h; path = "NSMutableDictionary+RunConfig.h"; sourceTree = "<group>"; };
		3CAA72191B8A07490028683D /* NSMutableDictionary+RunConfig.m */ = {isa = PBXFileReference; fileEncoding = 4; lastKnownFileType = sourcecode.c.objc; path = "NSMutableDictionary+RunConfig.m"; sourceTree = "<group>"; };
/* End PBXFileReference section */

/* Begin PBXFrameworksBuildPhase section */
		3C4B540E1A0EE7FE0041E9D0 /* Frameworks */ = {
			isa = PBXFrameworksBuildPhase;
			buildActionMask = 2147483647;
			files = (
				3C4B54131A0EE7FE0041E9D0 /* AppKit.framework in Frameworks */,
				3C4B54151A0EE7FE0041E9D0 /* Foundation.framework in Frameworks */,
			);
			runOnlyForDeploymentPostprocessing = 0;
		};
		3C4B543E1A0EE8740041E9D0 /* Frameworks */ = {
			isa = PBXFrameworksBuildPhase;
			buildActionMask = 2147483647;
			files = (
				3C4B54411A0EE8740041E9D0 /* AppKit.framework in Frameworks */,
				3C4B54421A0EE8740041E9D0 /* Foundation.framework in Frameworks */,
			);
			runOnlyForDeploymentPostprocessing = 0;
		};
/* End PBXFrameworksBuildPhase section */

/* Begin PBXGroup section */
		3C4B54111A0EE7FE0041E9D0 /* Frameworks */ = {
			isa = PBXGroup;
			children = (
				3C4B54121A0EE7FE0041E9D0 /* AppKit.framework */,
				3C4B54141A0EE7FE0041E9D0 /* Foundation.framework */,
			);
			name = Frameworks;
			sourceTree = "<group>";
		};
		3C4B54161A0EE7FE0041E9D0 /* seguecodePlugin */ = {
			isa = PBXGroup;
			children = (
				3C4B54211A0EE8270041E9D0 /* Utility */,
				3C4B541B1A0EE7FE0041E9D0 /* seguecodePlugin.h */,
				3C4B541C1A0EE7FE0041E9D0 /* seguecodePlugin.m */,
				3C4B54171A0EE7FE0041E9D0 /* Supporting Files */,
			);
			path = seguecodePlugin;
			sourceTree = "<group>";
		};
		3C4B54171A0EE7FE0041E9D0 /* Supporting Files */ = {
			isa = PBXGroup;
			children = (
				3C4B54181A0EE7FE0041E9D0 /* Info.plist */,
				3C4B54191A0EE7FE0041E9D0 /* seguecodePlugin.xcscheme */,
			);
			name = "Supporting Files";
			sourceTree = "<group>";
		};
		3C4B54211A0EE8270041E9D0 /* Utility */ = {
			isa = PBXGroup;
			children = (
				3CAA72181B8A07490028683D /* NSMutableDictionary+RunConfig.h */,
				3CAA72191B8A07490028683D /* NSMutableDictionary+RunConfig.m */,
				3C4B54221A0EE8270041E9D0 /* NSNotification+Utility.h */,
				3C4B54231A0EE8270041E9D0 /* NSNotification+Utility.m */,
				3C4B54241A0EE8270041E9D0 /* NSObject+Utility.h */,
				3C4B54251A0EE8270041E9D0 /* NSObject+Utility.m */,
			);
			path = Utility;
			sourceTree = "<group>";
		};
		3C4B54521A0EEA910041E9D0 /* Products */ = {
			isa = PBXGroup;
			children = (
				3C4B54581A0EEA910041E9D0 /* seguecode */,
				3CAA72131B8A064F0028683D /* seguecode.bundle */,
				3CAA72151B8A064F0028683D /* seguecodeKit.framework */,
				3CAA72171B8A064F0028683D /* iOSExample.app */,
			);
			name = Products;
			sourceTree = "<group>";
		};
		3CB24CCC1A0AD53200006169 = {
			isa = PBXGroup;
			children = (
				3C4B54101A0EE7FE0041E9D0 /* seguecodePlugin.xcplugin */,
				3C4B54161A0EE7FE0041E9D0 /* seguecodePlugin */,
				3C4B54111A0EE7FE0041E9D0 /* Frameworks */,
				3C4B54511A0EEA910041E9D0 /* seguecode.xcodeproj */,
				3C4B544E1A0EE8A90041E9D0 /* seguecodePlugin.xcplugin */,
			);
			sourceTree = "<group>";
		};
/* End PBXGroup section */

/* Begin PBXNativeTarget section */
		3C4B540F1A0EE7FE0041E9D0 /* seguecodePlugin */ = {
			isa = PBXNativeTarget;
			buildConfigurationList = 3C4B541E1A0EE7FE0041E9D0 /* Build configuration list for PBXNativeTarget "seguecodePlugin" */;
			buildPhases = (
				3C4B544F1A0EE8CD0041E9D0 /* Get Latest seguecodeBundle */,
				3C4B540C1A0EE7FE0041E9D0 /* Sources */,
				3C6608651B8B6F9F00F86FFD /* CopyFiles */,
				3C4B540E1A0EE7FE0041E9D0 /* Frameworks */,
			);
			buildRules = (
			);
			dependencies = (
			);
			name = seguecodePlugin;
			productName = seguecodePlugin;
			productReference = 3C4B54101A0EE7FE0041E9D0 /* seguecodePlugin.xcplugin */;
			productType = "com.apple.product-type.bundle";
		};
		3C4B543F1A0EE8740041E9D0 /* seguecodePluginLocal */ = {
			isa = PBXNativeTarget;
			buildConfigurationList = 3C4B544B1A0EE8740041E9D0 /* Build configuration list for PBXNativeTarget "seguecodePluginLocal" */;
			buildPhases = (
				3C4B543C1A0EE8740041E9D0 /* Sources */,
				3CAA721E1B8A0B470028683D /* CopyFiles */,
				3C4B543E1A0EE8740041E9D0 /* Frameworks */,
			);
			buildRules = (
			);
			dependencies = (
				3CAA720E1B8A064F0028683D /* PBXTargetDependency */,
			);
			name = seguecodePluginLocal;
			productName = seguecodePluginLocal;
			productReference = 3C4B544E1A0EE8A90041E9D0 /* seguecodePlugin.xcplugin */;
			productType = "com.apple.product-type.bundle";
		};
/* End PBXNativeTarget section */

/* Begin PBXProject section */
		3CB24CCD1A0AD53200006169 /* Project object */ = {
			isa = PBXProject;
			attributes = {
				LastSwiftMigration = 0700;
				LastUpgradeCheck = 0700;
				ORGANIZATIONNAME = Adorkable;
				TargetAttributes = {
					3C4B540F1A0EE7FE0041E9D0 = {
						CreatedOnToolsVersion = 6.1;
					};
					3C4B543F1A0EE8740041E9D0 = {
						CreatedOnToolsVersion = 6.1;
					};
				};
			};
			buildConfigurationList = 3CB24CD01A0AD53200006169 /* Build configuration list for PBXProject "seguecodePlugin" */;
			compatibilityVersion = "Xcode 3.2";
			developmentRegion = English;
			hasScannedForEncodings = 0;
			knownRegions = (
				en,
			);
			mainGroup = 3CB24CCC1A0AD53200006169;
			productRefGroup = 3CB24CCC1A0AD53200006169;
			projectDirPath = "";
			projectReferences = (
				{
					ProductGroup = 3C4B54521A0EEA910041E9D0 /* Products */;
					ProjectRef = 3C4B54511A0EEA910041E9D0 /* seguecode.xcodeproj */;
				},
			);
			projectRoot = "";
			targets = (
				3C4B540F1A0EE7FE0041E9D0 /* seguecodePlugin */,
				3C4B543F1A0EE8740041E9D0 /* seguecodePluginLocal */,
			);
		};
/* End PBXProject section */

/* Begin PBXReferenceProxy section */
		3C4B54581A0EEA910041E9D0 /* seguecode */ = {
			isa = PBXReferenceProxy;
			fileType = "compiled.mach-o.executable";
			path = seguecode;
			remoteRef = 3C4B54571A0EEA910041E9D0 /* PBXContainerItemProxy */;
			sourceTree = BUILT_PRODUCTS_DIR;
		};
		3CAA72131B8A064F0028683D /* seguecode.bundle */ = {
			isa = PBXReferenceProxy;
			fileType = wrapper.cfbundle;
			path = seguecode.bundle;
			remoteRef = 3CAA72121B8A064F0028683D /* PBXContainerItemProxy */;
			sourceTree = BUILT_PRODUCTS_DIR;
		};
		3CAA72151B8A064F0028683D /* seguecodeKit.framework */ = {
			isa = PBXReferenceProxy;
			fileType = wrapper.framework;
			path = seguecodeKit.framework;
			remoteRef = 3CAA72141B8A064F0028683D /* PBXContainerItemProxy */;
			sourceTree = BUILT_PRODUCTS_DIR;
		};
		3CAA72171B8A064F0028683D /* iOSExample.app */ = {
			isa = PBXReferenceProxy;
			fileType = wrapper.application;
			path = iOSExample.app;
			remoteRef = 3CAA72161B8A064F0028683D /* PBXContainerItemProxy */;
			sourceTree = BUILT_PRODUCTS_DIR;
		};
/* End PBXReferenceProxy section */

/* Begin PBXShellScriptBuildPhase section */
		3C4B544F1A0EE8CD0041E9D0 /* Get Latest seguecodeBundle */ = {
			isa = PBXShellScriptBuildPhase;
			buildActionMask = 2147483647;
			files = (
			);
			inputPaths = (
			);
			name = "Get Latest seguecodeBundle";
			outputPaths = (
			);
			runOnlyForDeploymentPostprocessing = 0;
			shellPath = /bin/sh;
			shellScript = "VERSION_NUMBER=$(/usr/libexec/PlistBuddy -c \"Print CFBundleShortVersionString\" \"${PROJECT_DIR}/${INFOPLIST_FILE}\")\n\necho \"Retrieving seguecodeBundle for version ${VERSION_NUMBER}\"\n\ncd \"${BUILT_PRODUCTS_DIR}\"\nrm -f -r -d seguecode.bundle.zip\ncurl -O -L https://github.com/Adorkable/seguecode/releases/download/$VERSION_NUMBER/seguecode.bundle.zip\nrm -f -r -d seguecode.bundle\nunzip seguecode.bundle";
		};
/* End PBXShellScriptBuildPhase section */

/* Begin PBXSourcesBuildPhase section */
		3C4B540C1A0EE7FE0041E9D0 /* Sources */ = {
			isa = PBXSourcesBuildPhase;
			buildActionMask = 2147483647;
			files = (
				3C4B54261A0EE8270041E9D0 /* NSNotification+Utility.m in Sources */,
				3CAA721A1B8A07490028683D /* NSMutableDictionary+RunConfig.m in Sources */,
				3C4B54271A0EE8270041E9D0 /* NSObject+Utility.m in Sources */,
				3C4B541D1A0EE7FE0041E9D0 /* seguecodePlugin.m in Sources */,
			);
			runOnlyForDeploymentPostprocessing = 0;
		};
		3C4B543C1A0EE8740041E9D0 /* Sources */ = {
			isa = PBXSourcesBuildPhase;
			buildActionMask = 2147483647;
			files = (
				3C4B54611A0EEAC10041E9D0 /* NSNotification+Utility.m in Sources */,
				3CFE5E331B8B68A800A4146D /* NSMutableDictionary+RunConfig.m in Sources */,
				3C4B54631A0EEAC10041E9D0 /* NSObject+Utility.m in Sources */,
				3C4B54651A0EEAC10041E9D0 /* seguecodePlugin.m in Sources */,
			);
			runOnlyForDeploymentPostprocessing = 0;
		};
/* End PBXSourcesBuildPhase section */

/* Begin PBXTargetDependency section */
		3CAA720E1B8A064F0028683D /* PBXTargetDependency */ = {
			isa = PBXTargetDependency;
			name = seguecodeBundle;
			targetProxy = 3CAA720D1B8A064F0028683D /* PBXContainerItemProxy */;
		};
/* End PBXTargetDependency section */

/* Begin XCBuildConfiguration section */
		3C4B541F1A0EE7FE0041E9D0 /* Debug */ = {
			isa = XCBuildConfiguration;
			buildSettings = {
				COMBINE_HIDPI_IMAGES = YES;
				DEPLOYMENT_LOCATION = YES;
				DSTROOT = "$(HOME)";
				GCC_PREPROCESSOR_DEFINITIONS = (
					"DEBUG=1",
					"$(inherited)",
				);
				INFOPLIST_FILE = seguecodePlugin/Info.plist;
				INSTALL_PATH = "/Library/Application Support/Developer/Shared/Xcode/Plug-ins";
				MACOSX_DEPLOYMENT_TARGET = 10.10;
				PRODUCT_BUNDLE_IDENTIFIER = "cc.adorkable.$(PRODUCT_NAME:rfc1034identifier)";
				PRODUCT_NAME = "$(TARGET_NAME)";
				WRAPPER_EXTENSION = xcplugin;
			};
			name = Debug;
		};
		3C4B54201A0EE7FE0041E9D0 /* Release */ = {
			isa = XCBuildConfiguration;
			buildSettings = {
				COMBINE_HIDPI_IMAGES = YES;
				DEPLOYMENT_LOCATION = YES;
				DSTROOT = "$(HOME)";
				INFOPLIST_FILE = seguecodePlugin/Info.plist;
				INSTALL_PATH = "/Library/Application Support/Developer/Shared/Xcode/Plug-ins";
				MACOSX_DEPLOYMENT_TARGET = 10.10;
				PRODUCT_BUNDLE_IDENTIFIER = "cc.adorkable.$(PRODUCT_NAME:rfc1034identifier)";
				PRODUCT_NAME = "$(TARGET_NAME)";
				WRAPPER_EXTENSION = xcplugin;
			};
			name = Release;
		};
		3C4B544C1A0EE8740041E9D0 /* Debug */ = {
			isa = XCBuildConfiguration;
			buildSettings = {
				COMBINE_HIDPI_IMAGES = YES;
				DEPLOYMENT_LOCATION = YES;
				DSTROOT = "$(HOME)";
				GCC_PREPROCESSOR_DEFINITIONS = (
					"DEBUG=1",
					"$(inherited)",
				);
				INFOPLIST_FILE = seguecodePlugin/Info.plist;
				INSTALL_PATH = "/Library/Application Support/Developer/Shared/Xcode/Plug-ins";
				MACOSX_DEPLOYMENT_TARGET = 10.10;
				PRODUCT_BUNDLE_IDENTIFIER = "cc.adorkable.$(PRODUCT_NAME:rfc1034identifier)";
				PRODUCT_NAME = seguecodePlugin;
				WRAPPER_EXTENSION = xcplugin;
			};
			name = Debug;
		};
		3C4B544D1A0EE8740041E9D0 /* Release */ = {
			isa = XCBuildConfiguration;
			buildSettings = {
				COMBINE_HIDPI_IMAGES = YES;
				DEPLOYMENT_LOCATION = YES;
				DSTROOT = "$(HOME)";
				INFOPLIST_FILE = seguecodePlugin/Info.plist;
				INSTALL_PATH = "/Library/Application Support/Developer/Shared/Xcode/Plug-ins";
				MACOSX_DEPLOYMENT_TARGET = 10.10;
				PRODUCT_BUNDLE_IDENTIFIER = "cc.adorkable.$(PRODUCT_NAME:rfc1034identifier)";
				PRODUCT_NAME = seguecodePlugin;
				WRAPPER_EXTENSION = xcplugin;
			};
			name = Release;
		};
		3CB24CE41A0AD53200006169 /* Debug */ = {
			isa = XCBuildConfiguration;
			buildSettings = {
				ALWAYS_SEARCH_USER_PATHS = NO;
				CLANG_CXX_LANGUAGE_STANDARD = "gnu++0x";
				CLANG_CXX_LIBRARY = "libc++";
				CLANG_ENABLE_MODULES = YES;
				CLANG_ENABLE_OBJC_ARC = YES;
				CLANG_WARN_BOOL_CONVERSION = YES;
				CLANG_WARN_CONSTANT_CONVERSION = YES;
				CLANG_WARN_DIRECT_OBJC_ISA_USAGE = YES_ERROR;
				CLANG_WARN_EMPTY_BODY = YES;
				CLANG_WARN_ENUM_CONVERSION = YES;
				CLANG_WARN_INT_CONVERSION = YES;
				CLANG_WARN_OBJC_ROOT_CLASS = YES_ERROR;
				CLANG_WARN_UNREACHABLE_CODE = YES;
				CLANG_WARN__DUPLICATE_METHOD_MATCH = YES;
				COPY_PHASE_STRIP = NO;
				ENABLE_STRICT_OBJC_MSGSEND = YES;
				ENABLE_TESTABILITY = YES;
				GCC_C_LANGUAGE_STANDARD = gnu99;
				GCC_DYNAMIC_NO_PIC = NO;
				GCC_OPTIMIZATION_LEVEL = 0;
				GCC_PREPROCESSOR_DEFINITIONS = (
					"DEBUG=1",
					"$(inherited)",
				);
				GCC_SYMBOLS_PRIVATE_EXTERN = NO;
				GCC_WARN_64_TO_32_BIT_CONVERSION = YES;
				GCC_WARN_ABOUT_RETURN_TYPE = YES_ERROR;
				GCC_WARN_UNDECLARED_SELECTOR = YES;
				GCC_WARN_UNINITIALIZED_AUTOS = YES_AGGRESSIVE;
				GCC_WARN_UNUSED_FUNCTION = YES;
				GCC_WARN_UNUSED_VARIABLE = YES;
				MTL_ENABLE_DEBUG_INFO = YES;
				ONLY_ACTIVE_ARCH = YES;
			};
			name = Debug;
		};
		3CB24CE51A0AD53200006169 /* Release */ = {
			isa = XCBuildConfiguration;
			buildSettings = {
				ALWAYS_SEARCH_USER_PATHS = NO;
				CLANG_CXX_LANGUAGE_STANDARD = "gnu++0x";
				CLANG_CXX_LIBRARY = "libc++";
				CLANG_ENABLE_MODULES = YES;
				CLANG_ENABLE_OBJC_ARC = YES;
				CLANG_WARN_BOOL_CONVERSION = YES;
				CLANG_WARN_CONSTANT_CONVERSION = YES;
				CLANG_WARN_DIRECT_OBJC_ISA_USAGE = YES_ERROR;
				CLANG_WARN_EMPTY_BODY = YES;
				CLANG_WARN_ENUM_CONVERSION = YES;
				CLANG_WARN_INT_CONVERSION = YES;
				CLANG_WARN_OBJC_ROOT_CLASS = YES_ERROR;
				CLANG_WARN_UNREACHABLE_CODE = YES;
				CLANG_WARN__DUPLICATE_METHOD_MATCH = YES;
				COPY_PHASE_STRIP = YES;
				ENABLE_NS_ASSERTIONS = NO;
				ENABLE_STRICT_OBJC_MSGSEND = YES;
				GCC_C_LANGUAGE_STANDARD = gnu99;
				GCC_WARN_64_TO_32_BIT_CONVERSION = YES;
				GCC_WARN_ABOUT_RETURN_TYPE = YES_ERROR;
				GCC_WARN_UNDECLARED_SELECTOR = YES;
				GCC_WARN_UNINITIALIZED_AUTOS = YES_AGGRESSIVE;
				GCC_WARN_UNUSED_FUNCTION = YES;
				GCC_WARN_UNUSED_VARIABLE = YES;
				MTL_ENABLE_DEBUG_INFO = NO;
			};
			name = Release;
		};
/* End XCBuildConfiguration section */

/* Begin XCConfigurationList section */
		3C4B541E1A0EE7FE0041E9D0 /* Build configuration list for PBXNativeTarget "seguecodePlugin" */ = {
			isa = XCConfigurationList;
			buildConfigurations = (
				3C4B541F1A0EE7FE0041E9D0 /* Debug */,
				3C4B54201A0EE7FE0041E9D0 /* Release */,
			);
			defaultConfigurationIsVisible = 0;
			defaultConfigurationName = Release;
		};
		3C4B544B1A0EE8740041E9D0 /* Build configuration list for PBXNativeTarget "seguecodePluginLocal" */ = {
			isa = XCConfigurationList;
			buildConfigurations = (
				3C4B544C1A0EE8740041E9D0 /* Debug */,
				3C4B544D1A0EE8740041E9D0 /* Release */,
			);
			defaultConfigurationIsVisible = 0;
			defaultConfigurationName = Release;
		};
		3CB24CD01A0AD53200006169 /* Build configuration list for PBXProject "seguecodePlugin" */ = {
			isa = XCConfigurationList;
			buildConfigurations = (
				3CB24CE41A0AD53200006169 /* Debug */,
				3CB24CE51A0AD53200006169 /* Release */,
			);
			defaultConfigurationIsVisible = 0;
			defaultConfigurationName = Release;
		};
/* End XCConfigurationList section */
	};
	rootObject = 3CB24CCD1A0AD53200006169 /* Project object */;
}
